<?xml version="1.0" encoding="utf-8"?>
<Project ToolsVersion="4.0" xmlns="http://schemas.microsoft.com/developer/msbuild/2003">
  <ItemGroup>
    <Filter Include="Source Files">
      <UniqueIdentifier>{4FC737F1-C7A5-4376-A066-2A32D752A2FF}</UniqueIdentifier>
      <Extensions>cpp;c;cc;cxx;def;odl;idl;hpj;bat;asm;asmx</Extensions>
    </Filter>
    <Filter Include="Header Files">
      <UniqueIdentifier>{93995380-89BD-4b04-88EB-625FBE52EBFB}</UniqueIdentifier>
      <Extensions>h;hpp;hxx;hm;inl;inc;xsd</Extensions>
    </Filter>
    <Filter Include="Resource Files">
      <UniqueIdentifier>{67DA6AB6-F800-4c08-8B7A-83BB121AAD01}</UniqueIdentifier>
      <Extensions>rc;ico;cur;bmp;dlg;rc2;rct;bin;rgs;gif;jpg;jpeg;jpe;resx;tiff;tif;png;wav;mfcribbon-ms</Extensions>
    </Filter>
    <Filter Include="Driver Files">
      <UniqueIdentifier>{8E41214B-6785-4CFE-B992-037D68949A14}</UniqueIdentifier>
      <Extensions>inf;inv;inx;mof;mc;</Extensions>
    </Filter>
    <Filter Include="hookx64">
      <UniqueIdentifier>{3a9ddf7c-923c-4203-a1be-ecf25eb515e4}</UniqueIdentifier>
    </Filter>
    <Filter Include="irpfilter">
      <UniqueIdentifier>{2e14f617-c31f-4185-849c-468d5b41dd47}</UniqueIdentifier>
    </Filter>
    <Filter Include="utils">
      <UniqueIdentifier>{3597318d-9246-45db-9b0e-6c5844f68eb2}</UniqueIdentifier>
    </Filter>
    <Filter Include="utils\include">
      <UniqueIdentifier>{10aa871b-af75-4eb4-abc9-cd5bafd287dd}</UniqueIdentifier>
    </Filter>
    <Filter Include="utils\src">
      <UniqueIdentifier>{e8506862-84ba-43ef-bcbf-bed35c0e66da}</UniqueIdentifier>
    </Filter>
    <Filter Include="utils\callback">
      <UniqueIdentifier>{3f871782-964e-42a6-9280-910fc33d2d57}</UniqueIdentifier>
    </Filter>
    <Filter Include="snapshot">
      <UniqueIdentifier>{d18f7c99-68eb-4ce6-8db5-5ea663ede8b5}</UniqueIdentifier>
    </Filter>
    <Filter Include="ntos">
      <UniqueIdentifier>{9fcb4fe3-165e-4d5c-9cad-3acba5712b06}</UniqueIdentifier>
    </Filter>
    <Filter Include="PG">
      <UniqueIdentifier>{d6cad0c2-e826-46b5-be70-b3510624ac3f}</UniqueIdentifier>
    </Filter>
    <Filter Include="Socket">
      <UniqueIdentifier>{4c963591-6608-45c7-8e8f-e9370768d720}</UniqueIdentifier>
    </Filter>
    <Filter Include="Socket\WSK">
      <UniqueIdentifier>{a2b76216-29de-4077-99fa-0e4f78e969dc}</UniqueIdentifier>
    </Filter>
    <Filter Include="Socket\TDI">
      <UniqueIdentifier>{4a5bd94e-4617-4041-b0bf-65299009751c}</UniqueIdentifier>
    </Filter>
    <Filter Include="Socket\TDI\3rd">
      <UniqueIdentifier>{d1d65ca0-bcb0-4c65-886a-ee3a07250e08}</UniqueIdentifier>
    </Filter>
    <Filter Include="Socket\Http">
      <UniqueIdentifier>{3e7a6216-ae85-4b06-b32c-c121f2fe5996}</UniqueIdentifier>
    </Filter>
    <Filter Include="distorm">
      <UniqueIdentifier>{eb43b52e-768d-413d-989a-acce4d9edf7f}</UniqueIdentifier>
    </Filter>
    <Filter Include="distorm\include">
      <UniqueIdentifier>{0e4207db-11e3-4f53-823c-8b27f5f8b2b6}</UniqueIdentifier>
    </Filter>
    <Filter Include="distorm\src">
      <UniqueIdentifier>{f6405684-e6ed-4c59-b0b5-30450cf3c509}</UniqueIdentifier>
    </Filter>
    <Filter Include="tdi_fw">
      <UniqueIdentifier>{fc9bafb9-a6fe-49b0-9494-375232dac1fe}</UniqueIdentifier>
    </Filter>
  </ItemGroup>
  <ItemGroup>
    <Inf Include="MyDriver.inf">
      <Filter>Driver Files</Filter>
    </Inf>
  </ItemGroup>
  <ItemGroup>
    <ClCompile Include="Driver.cpp">
      <Filter>Source Files</Filter>
    </ClCompile>
    <ClCompile Include="kernel_stl.cpp">
      <Filter>Source Files</Filter>
    </ClCompile>
    <ClCompile Include="Main.cpp">
      <Filter>Source Files</Filter>
    </ClCompile>
    <ClCompile Include="stdcpp.cpp">
      <Filter>Source Files</Filter>
    </ClCompile>
    <ClCompile Include="Device.cpp">
      <Filter>Source Files</Filter>
    </ClCompile>
    <ClCompile Include="typeinfo.cpp">
      <Filter>Source Files</Filter>
    </ClCompile>
    <ClCompile Include="test_util.cpp">
      <Filter>Source Files</Filter>
    </ClCompile>
    <ClCompile Include="distorm3.cpp">
      <Filter>hookx64</Filter>
    </ClCompile>
    <ClCompile Include="HookX64.cpp">
      <Filter>hookx64</Filter>
    </ClCompile>
    <ClCompile Include="write_jmp.cpp">
      <Filter>utils\src</Filter>
    </ClCompile>
    <ClCompile Include="util_version.cpp">
      <Filter>utils\src</Filter>
    </ClCompile>
    <ClCompile Include="util_idt.cpp">
      <Filter>utils\src</Filter>
    </ClCompile>
    <ClCompile Include="NtReg.cpp">
      <Filter>utils\src</Filter>
    </ClCompile>
    <ClCompile Include="ntos_util.cpp">
      <Filter>utils\src</Filter>
    </ClCompile>
    <ClCompile Include="NtFile.cpp">
      <Filter>utils\src</Filter>
    </ClCompile>
    <ClCompile Include="mem_util.cpp">
      <Filter>utils\src</Filter>
    </ClCompile>
    <ClCompile Include="nt_patchguard.cpp">
      <Filter>PG</Filter>
    </ClCompile>
    <ClCompile Include="fnparse.cpp">
      <Filter>PG</Filter>
    </ClCompile>
    <ClCompile Include="PatchGuardPatch.cpp">
      <Filter>PG</Filter>
    </ClCompile>
    <ClCompile Include="WinX.cpp">
      <Filter>PG</Filter>
    </ClCompile>
    <ClCompile Include="log.cpp">
      <Filter>Source Files</Filter>
    </ClCompile>
    <ClCompile Include="3rd\ksocket\endian.c">
      <Filter>Socket\TDI\3rd</Filter>
    </ClCompile>
    <ClCompile Include="3rd\ksocket\inet.c">
      <Filter>Socket\TDI\3rd</Filter>
    </ClCompile>
    <ClCompile Include="3rd\ksocket\ksocket.c">
      <Filter>Socket\TDI\3rd</Filter>
    </ClCompile>
    <ClCompile Include="3rd\ksocket\ktdi.c">
      <Filter>Socket\TDI\3rd</Filter>
    </ClCompile>
    <ClCompile Include="WskSocket.cpp">
      <Filter>Socket\WSK</Filter>
    </ClCompile>
    <ClCompile Include="3rd\distorm\src\decoder.c">
      <Filter>distorm\src</Filter>
    </ClCompile>
    <ClCompile Include="3rd\distorm\src\distorm.c">
      <Filter>distorm\src</Filter>
    </ClCompile>
    <ClCompile Include="3rd\distorm\src\instructions.c">
      <Filter>distorm\src</Filter>
    </ClCompile>
    <ClCompile Include="3rd\distorm\src\insts.c">
      <Filter>distorm\src</Filter>
    </ClCompile>
    <ClCompile Include="3rd\distorm\src\mnemonics.c">
      <Filter>distorm\src</Filter>
    </ClCompile>
    <ClCompile Include="3rd\distorm\src\operands.c">
      <Filter>distorm\src</Filter>
    </ClCompile>
    <ClCompile Include="3rd\distorm\src\prefix.c">
      <Filter>distorm\src</Filter>
    </ClCompile>
    <ClCompile Include="3rd\distorm\src\textdefs.c">
      <Filter>distorm\src</Filter>
    </ClCompile>
    <ClCompile Include="3rd\distorm\src\wstring.c">
      <Filter>distorm\src</Filter>
    </ClCompile>
    <ClCompile Include="tdi_fw.cpp">
      <Filter>tdi_fw</Filter>
    </ClCompile>
  </ItemGroup>
  <ItemGroup>
    <ClInclude Include="Base.h">
      <Filter>Header Files</Filter>
    </ClInclude>
    <ClInclude Include="ddk_stdint.h">
      <Filter>Header Files</Filter>
    </ClInclude>
    <ClInclude Include="kernel_stl.h">
      <Filter>Header Files</Filter>
    </ClInclude>
    <ClInclude Include="scope_exit.h">
      <Filter>Header Files</Filter>
    </ClInclude>
    <ClInclude Include="stdcpp.h">
      <Filter>Header Files</Filter>
    </ClInclude>
    <ClInclude Include="unique_resource.h">
      <Filter>Header Files</Filter>
    </ClInclude>
    <ClInclude Include="Device.h">
      <Filter>Header Files</Filter>
    </ClInclude>
    <ClInclude Include="ntos_func_def.h">
      <Filter>Header Files</Filter>
    </ClInclude>
    <ClInclude Include="ioctrl.h">
      <Filter>Header Files</Filter>
    </ClInclude>
    <ClInclude Include="nt_process_callback.h">
      <Filter>utils\callback</Filter>
    </ClInclude>
    <ClInclude Include="nt_thread_callback.h">
      <Filter>utils\callback</Filter>
    </ClInclude>
    <ClInclude Include="nt_image_callback.h">
      <Filter>utils\callback</Filter>
    </ClInclude>
    <ClInclude Include="nt_regcmp_callback.h">
      <Filter>utils\callback</Filter>
    </ClInclude>
    <ClInclude Include="nt_callback.h">
      <Filter>utils\callback</Filter>
    </ClInclude>
    <ClInclude Include="nt_pnp_callback.h">
      <Filter>utils\callback</Filter>
    </ClInclude>
    <ClInclude Include="nt_object_callback.h">
      <Filter>utils\callback</Filter>
    </ClInclude>
    <ClInclude Include="distorm3.hpp">
      <Filter>hookx64</Filter>
    </ClInclude>
    <ClInclude Include="Utils.h">
      <Filter>utils</Filter>
    </ClInclude>
    <ClInclude Include="HookX64.h">
      <Filter>hookx64</Filter>
    </ClInclude>
    <ClInclude Include="stdafx.h">
      <Filter>Header Files</Filter>
    </ClInclude>
    <ClInclude Include="dpc_util.h">
      <Filter>utils\include</Filter>
    </ClInclude>
    <ClInclude Include="cpu_lock.h">
      <Filter>utils\include</Filter>
    </ClInclude>
    <ClInclude Include="event.h">
      <Filter>utils\include</Filter>
    </ClInclude>
    <ClInclude Include="lock.h">
      <Filter>utils\include</Filter>
    </ClInclude>
    <ClInclude Include="mem_util.h">
      <Filter>utils\include</Filter>
    </ClInclude>
    <ClInclude Include="NtFile.h">
      <Filter>utils\include</Filter>
    </ClInclude>
    <ClInclude Include="ntos_util.h">
      <Filter>utils\include</Filter>
    </ClInclude>
    <ClInclude Include="NtReg.h">
      <Filter>utils\include</Filter>
    </ClInclude>
    <ClInclude Include="Thread.h">
      <Filter>utils\include</Filter>
    </ClInclude>
    <ClInclude Include="timer_ddk.h">
      <Filter>utils\include</Filter>
    </ClInclude>
    <ClInclude Include="util_idt.h">
      <Filter>utils\include</Filter>
    </ClInclude>
    <ClInclude Include="util_nt_file_system.h">
      <Filter>utils\include</Filter>
    </ClInclude>
    <ClInclude Include="util_sleep.h">
      <Filter>utils\include</Filter>
    </ClInclude>
    <ClInclude Include="util_syscall.h">
      <Filter>utils\include</Filter>
    </ClInclude>
    <ClInclude Include="util_time.h">
      <Filter>utils\include</Filter>
    </ClInclude>
    <ClInclude Include="util_version.h">
      <Filter>utils\include</Filter>
    </ClInclude>
    <ClInclude Include="work_item.h">
      <Filter>utils\include</Filter>
    </ClInclude>
    <ClInclude Include="write_jmp.h">
      <Filter>utils\include</Filter>
    </ClInclude>
    <ClInclude Include="native_func_def.h">
      <Filter>Header Files</Filter>
    </ClInclude>
    <ClInclude Include="nt_irp_hook.h">
      <Filter>irpfilter</Filter>
    </ClInclude>
    <ClInclude Include="nt_driver.h">
      <Filter>snapshot</Filter>
    </ClInclude>
    <ClInclude Include="Singleton.h">
      <Filter>Header Files</Filter>
    </ClInclude>
    <ClInclude Include="nt_irp_dispatch.h">
      <Filter>irpfilter</Filter>
    </ClInclude>
    <ClInclude Include="nt_attach_filter.h">
      <Filter>irpfilter</Filter>
    </ClInclude>
    <ClInclude Include="nt_object_types.h">
      <Filter>snapshot</Filter>
    </ClInclude>
    <ClInclude Include="ntos.h">
      <Filter>ntos</Filter>
    </ClInclude>
    <ClInclude Include="win7_sp1_64.h">
      <Filter>ntos</Filter>
    </ClInclude>
    <ClInclude Include="win7_64.h">
      <Filter>ntos</Filter>
    </ClInclude>
    <ClInclude Include="win10_10586.h">
      <Filter>ntos</Filter>
    </ClInclude>
    <ClInclude Include="win10_14393.h">
      <Filter>ntos</Filter>
    </ClInclude>
    <ClInclude Include="kdblock_def.h">
      <Filter>ntos</Filter>
    </ClInclude>
    <ClInclude Include="win8_1_9600.h">
      <Filter>ntos</Filter>
    </ClInclude>
    <ClInclude Include="win8_0_9200.h">
      <Filter>ntos</Filter>
    </ClInclude>
    <ClInclude Include="nt_patchguard.h">
      <Filter>PG</Filter>
    </ClInclude>
    <ClInclude Include="util_symbols.h">
      <Filter>utils\include</Filter>
    </ClInclude>
    <ClInclude Include="WinX.h">
      <Filter>PG</Filter>
    </ClInclude>
    <ClInclude Include="fnparse.h">
      <Filter>PG</Filter>
    </ClInclude>
    <ClInclude Include="PgContext.h">
      <Filter>PG</Filter>
    </ClInclude>
    <ClInclude Include="asm.h">
      <Filter>PG</Filter>
    </ClInclude>
    <ClInclude Include="CLog.h">
      <Filter>Header Files</Filter>
    </ClInclude>
    <ClInclude Include="mm_physical_scan.h">
      <Filter>PG</Filter>
    </ClInclude>
    <ClInclude Include="mm_independ_scan.h">
      <Filter>PG</Filter>
    </ClInclude>
    <ClInclude Include="pte.h">
      <Filter>PG</Filter>
    </ClInclude>
    <ClInclude Include="3rd\ksocket\ksocket.h">
      <Filter>Socket\TDI\3rd</Filter>
    </ClInclude>
    <ClInclude Include="3rd\ksocket\ktdi.h">
      <Filter>Socket\TDI\3rd</Filter>
    </ClInclude>
    <ClInclude Include="tdi_socket.h">
      <Filter>Socket\TDI</Filter>
    </ClInclude>
    <ClInclude Include="WskSocket.h">
      <Filter>Socket\WSK</Filter>
    </ClInclude>
    <ClInclude Include="wsk_socket.h">
      <Filter>Socket\WSK</Filter>
    </ClInclude>
    <ClInclude Include="http.h">
      <Filter>Socket\Http</Filter>
    </ClInclude>
    <ClInclude Include="3rd\distorm\include\distorm.h">
      <Filter>distorm\include</Filter>
    </ClInclude>
    <ClInclude Include="3rd\distorm\include\mnemonics.h">
      <Filter>distorm\include</Filter>
    </ClInclude>
    <ClInclude Include="3rd\distorm\src\config.h">
      <Filter>distorm\src</Filter>
    </ClInclude>
    <ClInclude Include="3rd\distorm\src\decoder.h">
      <Filter>distorm\src</Filter>
    </ClInclude>
    <ClInclude Include="3rd\distorm\src\instructions.h">
      <Filter>distorm\src</Filter>
    </ClInclude>
    <ClInclude Include="3rd\distorm\src\insts.h">
      <Filter>distorm\src</Filter>
    </ClInclude>
    <ClInclude Include="3rd\distorm\src\operands.h">
      <Filter>distorm\src</Filter>
    </ClInclude>
    <ClInclude Include="3rd\distorm\src\prefix.h">
      <Filter>distorm\src</Filter>
    </ClInclude>
    <ClInclude Include="3rd\distorm\src\textdefs.h">
      <Filter>distorm\src</Filter>
    </ClInclude>
    <ClInclude Include="3rd\distorm\src\wstring.h">
      <Filter>distorm\src</Filter>
    </ClInclude>
    <ClInclude Include="3rd\distorm\src\x86defs.h">
      <Filter>distorm\src</Filter>
    </ClInclude>
    <ClInclude Include="pg_enhance.h">
      <Filter>PG</Filter>
    </ClInclude>
    <ClInclude Include="tdi_fw.h">
      <Filter>tdi_fw</Filter>
    </ClInclude>
    <ClInclude Include="nt_attach_filter_ex.h">
      <Filter>irpfilter</Filter>
    </ClInclude>
  </ItemGroup>
  <ItemGroup>
    <MASM Include="idthook.asm">
      <Filter>hookx64</Filter>
    </MASM>
    <MASM Include="pgDisable.asm">
      <Filter>PG</Filter>
    </MASM>
    <MASM Include="pgDisableHooker.asm">
      <Filter>PG</Filter>
    </MASM>
  </ItemGroup>
  <ItemGroup>
    <None Include="common.inc">
      <Filter>PG</Filter>
    </None>
  </ItemGroup>
</Project>